
Microsoft Visual Studio Solution File, Format Version 12.00
# Visual Studio Version 16
VisualStudioVersion = 16.0.28721.148
MinimumVisualStudioVersion = 10.0.40219.1
Project("{FAE04EC0-301F-11D3-BF4B-00C04F79EFBC}") = "RecursionMethoed", "RecursionMethoed\RecursionMethoed.csproj", "{8D3562B6-288D-474B-B3B4-F1D271B0A926}"
EndProject
Project("{FAE04EC0-301F-11D3-BF4B-00C04F79EFBC}") = "BubbleAlgorithm", "BubbleAlgorithm\BubbleAlgorithm.csproj", "{5AD9CC10-E99E-403A-BBC0-67C5B9EAF5A4}"
EndProject
Project("{FAE04EC0-301F-11D3-BF4B-00C04F79EFBC}") = "InterviewQuestions", "InterviewQuestions\InterviewQuestions.csproj", "{FFEF59F0-A961-461A-B758-4C208C8F2666}"
EndProject
Global
	GlobalSection(SolutionConfigurationPlatforms) = preSolution
		Debug|Any CPU = Debug|Any CPU
		Release|Any CPU = Release|Any CPU
	EndGlobalSection
	GlobalSection(ProjectConfigurationPlatforms) = postSolution
		{8D3562B6-288D-474B-B3B4-F1D271B0A926}.Debug|Any CPU.ActiveCfg = Debug|Any CPU
		{8D3562B6-288D-474B-B3B4-F1D271B0A926}.Debug|Any CPU.Build.0 = Debug|Any CPU
		{8D3562B6-288D-474B-B3B4-F1D271B0A926}.Release|Any CPU.ActiveCfg = Release|Any CPU
		{8D3562B6-288D-474B-B3B4-F1D271B0A926}.Release|Any CPU.Build.0 = Release|Any CPU
		{5AD9CC10-E99E-403A-BBC0-67C5B9EAF5A4}.Debug|Any CPU.ActiveCfg = Debug|Any CPU
		{5AD9CC10-E99E-403A-BBC0-67C5B9EAF5A4}.Debug|Any CPU.Build.0 = Debug|Any CPU
		{5AD9CC10-E99E-403A-BBC0-67C5B9EAF5A4}.Release|Any CPU.ActiveCfg = Release|Any CPU
		{5AD9CC10-E99E-403A-BBC0-67C5B9EAF5A4}.Release|Any CPU.Build.0 = Release|Any CPU
		{FFEF59F0-A961-461A-B758-4C208C8F2666}.Debug|Any CPU.ActiveCfg = Debug|Any CPU
		{FFEF59F0-A961-461A-B758-4C208C8F2666}.Debug|Any CPU.Build.0 = Debug|Any CPU
		{FFEF59F0-A961-461A-B758-4C208C8F2666}.Release|Any CPU.ActiveCfg = Release|Any CPU
		{FFEF59F0-A961-461A-B758-4C208C8F2666}.Release|Any CPU.Build.0 = Release|Any CPU
	EndGlobalSection
	GlobalSection(SolutionProperties) = preSolution
		HideSolutionNode = FALSE
	EndGlobalSection
	GlobalSection(ExtensibilityGlobals) = postSolution
		SolutionGuid = {9FDC001C-2FCC-4D5A-A719-AC5365343E95}
	EndGlobalSection
EndGlobal
